
Microsoft Visual Studio Solution File, Format Version 12.00
# Visual Studio 15
Project("{FAE04EC0-301F-11D3-BF4B-00C04F79EFBC}") = "UnityEngine.TestRunner", "UnityEngine.TestRunner.csproj", "{ED47BEB7-39B9-F38B-663F-37D69B832872}"
EndProject
Project("{FAE04EC0-301F-11D3-BF4B-00C04F79EFBC}") = "Unity.Mathematics", "Unity.Mathematics.csproj", "{C72DACCE-0C3C-935E-B182-F0269AB53D9F}"
EndProject
Project("{FAE04EC0-301F-11D3-BF4B-00C04F79EFBC}") = "Unity.InputSystem", "Unity.InputSystem.csproj", "{29A51260-C685-23E3-A624-28148979A085}"
EndProject
Project("{FAE04EC0-301F-11D3-BF4B-00C04F79EFBC}") = "Unity.2D.Animation.Triangle.Runtime", "Unity.2D.Animation.Triangle.Runtime.csproj", "{51F0C2F5-E5A0-FA46-4576-EC0533F1A3E0}"
EndProject
Project("{FAE04EC0-301F-11D3-BF4B-00C04F79EFBC}") = "Unity.Timeline", "Unity.Timeline.csproj", "{DEB5341C-FD9E-D2F8-FACD-D43E1D1AA7EA}"
EndProject
Project("{FAE04EC0-301F-11D3-BF4B-00C04F79EFBC}") = "UnityEngine.UI", "UnityEngine.UI.csproj", "{9875FC1E-83F2-D748-8AD2-3E115A0E9AA7}"
EndProject
Project("{FAE04EC0-301F-11D3-BF4B-00C04F79EFBC}") = "Unity.TextMeshPro", "Unity.TextMeshPro.csproj", "{6FD5D930-BC65-765D-CBB7-3429F91822C1}"
EndProject
Project("{FAE04EC0-301F-11D3-BF4B-00C04F79EFBC}") = "Unity.2D.Animation.Runtime", "Unity.2D.Animation.Runtime.csproj", "{1FC46A69-D4AE-9B1D-E08F-A04B56394200}"
EndProject
Project("{FAE04EC0-301F-11D3-BF4B-00C04F79EFBC}") = "Unity.2D.IK.Runtime", "Unity.2D.IK.Runtime.csproj", "{FC735833-8CD8-3E08-E88A-D4B9395FD3AB}"
EndProject
Project("{FAE04EC0-301F-11D3-BF4B-00C04F79EFBC}") = "Unity.2D.SpriteShape.Runtime", "Unity.2D.SpriteShape.Runtime.csproj", "{DB0C8044-9842-9A41-CC5F-F154C153C1D8}"
EndProject
Project("{FAE04EC0-301F-11D3-BF4B-00C04F79EFBC}") = "Assembly-CSharp", "Assembly-CSharp.csproj", "{23C3B1F2-EEAE-B57A-D130-73C4CD522C25}"
EndProject
Project("{FAE04EC0-301F-11D3-BF4B-00C04F79EFBC}") = "Unity.2D.PixelPerfect", "Unity.2D.PixelPerfect.csproj", "{67723E73-F246-8B39-0FD9-96BBA0365BDA}"
EndProject
Project("{FAE04EC0-301F-11D3-BF4B-00C04F79EFBC}") = "Unity.2D.Common.Runtime", "Unity.2D.Common.Runtime.csproj", "{4D49CF71-94C0-BB28-368C-F6721AD311CF}"
EndProject
Project("{FAE04EC0-301F-11D3-BF4B-00C04F79EFBC}") = "Unity.InternalAPIEngineBridge.001", "Unity.InternalAPIEngineBridge.001.csproj", "{81179F04-B6DD-A8B2-1C10-CD2C935DCED6}"
EndProject
Project("{FAE04EC0-301F-11D3-BF4B-00C04F79EFBC}") = "Unity.Timeline.Editor", "Unity.Timeline.Editor.csproj", "{E371576B-69C3-D71F-ABA2-46DF9E65A4B3}"
EndProject
Project("{FAE04EC0-301F-11D3-BF4B-00C04F79EFBC}") = "Unity.TextMeshPro.Editor", "Unity.TextMeshPro.Editor.csproj", "{4CC57322-AD4E-E80A-16DE-17D7E6E843F5}"
EndProject
Project("{FAE04EC0-301F-11D3-BF4B-00C04F79EFBC}") = "Unity.2D.Animation.Editor", "Unity.2D.Animation.Editor.csproj", "{30C0D692-0648-8217-AC67-1277382C6B5A}"
EndProject
Project("{FAE04EC0-301F-11D3-BF4B-00C04F79EFBC}") = "UnityEditor.TestRunner", "UnityEditor.TestRunner.csproj", "{EE7A6128-1969-1561-0710-80DF79EA3208}"
EndProject
Project("{FAE04EC0-301F-11D3-BF4B-00C04F79EFBC}") = "Unity.PlasticSCM.Editor", "Unity.PlasticSCM.Editor.csproj", "{99A5F9E2-7564-B0EC-42B3-7EFB3A274CED}"
EndProject
Project("{FAE04EC0-301F-11D3-BF4B-00C04F79EFBC}") = "UnityEditor.UI", "UnityEditor.UI.csproj", "{45FA3BAB-8F72-26C8-78C8-5F7EF8ADD7B3}"
EndProject
Project("{FAE04EC0-301F-11D3-BF4B-00C04F79EFBC}") = "Unity.Services.Core.Editor", "Unity.Services.Core.Editor.csproj", "{51096CB3-7197-00E9-BA07-B283A778B0F3}"
EndProject
Project("{FAE04EC0-301F-11D3-BF4B-00C04F79EFBC}") = "Unity.VisualStudio.Editor", "Unity.VisualStudio.Editor.csproj", "{FBF26FBD-B1F3-139B-C399-8753D6817219}"
EndProject
Project("{FAE04EC0-301F-11D3-BF4B-00C04F79EFBC}") = "Unity.2D.Psdimporter.Editor", "Unity.2D.Psdimporter.Editor.csproj", "{2A12703D-3224-C3FB-27C5-E0E0963D9BCF}"
EndProject
Project("{FAE04EC0-301F-11D3-BF4B-00C04F79EFBC}") = "Unity.2D.SpriteShape.Editor", "Unity.2D.SpriteShape.Editor.csproj", "{7A59CDB6-684A-3676-BE77-F3EC0387EABC}"
EndProject
Project("{FAE04EC0-301F-11D3-BF4B-00C04F79EFBC}") = "Unity.CollabProxy.Editor", "Unity.CollabProxy.Editor.csproj", "{48DC4992-417D-ED09-FFEE-630B42EBCF89}"
EndProject
Project("{FAE04EC0-301F-11D3-BF4B-00C04F79EFBC}") = "PsdPlugin", "PsdPlugin.csproj", "{D6046A9D-A208-8CFF-DA04-76A01AE4E474}"
EndProject
Project("{FAE04EC0-301F-11D3-BF4B-00C04F79EFBC}") = "Unity.2D.Path.Editor", "Unity.2D.Path.Editor.csproj", "{D2FB10F1-4D61-222B-B9A9-8477AC247B5C}"
EndProject
Project("{FAE04EC0-301F-11D3-BF4B-00C04F79EFBC}") = "Unity.Rider.Editor", "Unity.Rider.Editor.csproj", "{CA33B9E9-E224-7A46-3CA8-DFF10B72D938}"
EndProject
Project("{FAE04EC0-301F-11D3-BF4B-00C04F79EFBC}") = "Unity.2D.IK.Editor", "Unity.2D.IK.Editor.csproj", "{87A1BE71-2685-B7E5-626C-F934F6B3B48E}"
EndProject
Project("{FAE04EC0-301F-11D3-BF4B-00C04F79EFBC}") = "Unity.2D.Sprite.Editor", "Unity.2D.Sprite.Editor.csproj", "{CF429F5B-011A-37B5-4369-1996BB866D17}"
EndProject
Project("{FAE04EC0-301F-11D3-BF4B-00C04F79EFBC}") = "Unity.2D.Tilemap.Editor", "Unity.2D.Tilemap.Editor.csproj", "{8C6AB2C0-D9AF-8FB8-CE0F-2C24BF32E94D}"
EndProject
Project("{FAE04EC0-301F-11D3-BF4B-00C04F79EFBC}") = "Unity.2D.PixelPerfect.Editor", "Unity.2D.PixelPerfect.Editor.csproj", "{0357997F-D7EC-1035-E55C-622B814BF130}"
EndProject
Project("{FAE04EC0-301F-11D3-BF4B-00C04F79EFBC}") = "Unity.VSCode.Editor", "Unity.VSCode.Editor.csproj", "{7E35ADE2-047D-A43E-A62A-47A33E3272EF}"
EndProject
Project("{FAE04EC0-301F-11D3-BF4B-00C04F79EFBC}") = "Unity.2D.Common.Editor", "Unity.2D.Common.Editor.csproj", "{D9D381E2-97A3-1AED-3B93-C85866F308F1}"
EndProject
Project("{FAE04EC0-301F-11D3-BF4B-00C04F79EFBC}") = "Unity.Mathematics.Editor", "Unity.Mathematics.Editor.csproj", "{B73F5692-0C3D-5CDA-E123-9B7C650A66B8}"
EndProject
Project("{FAE04EC0-301F-11D3-BF4B-00C04F79EFBC}") = "Unity.InternalAPIEditorBridge.001", "Unity.InternalAPIEditorBridge.001.csproj", "{DE024D87-9176-2D97-9564-74419F9A75D9}"
EndProject
Project("{FAE04EC0-301F-11D3-BF4B-00C04F79EFBC}") = "UnityEngine.TestRunner", "UnityEngine.TestRunner.Player.csproj", "{C17C3777-8F30-F25A-BD7F-48647E6D84D5}"
EndProject
Project("{FAE04EC0-301F-11D3-BF4B-00C04F79EFBC}") = "Unity.Mathematics", "Unity.Mathematics.Player.csproj", "{6988AA53-2E01-3DA0-CF09-87F0BEC8CB34}"
EndProject
Project("{FAE04EC0-301F-11D3-BF4B-00C04F79EFBC}") = "Unity.InputSystem", "Unity.InputSystem.Player.csproj", "{A9DF0EDD-A90C-B000-4F70-002CB3D48BDF}"
EndProject
Project("{FAE04EC0-301F-11D3-BF4B-00C04F79EFBC}") = "Unity.2D.Animation.Triangle.Runtime", "Unity.2D.Animation.Triangle.Runtime.Player.csproj", "{7B481FBD-B9CE-F52E-1C82-19AAD444354E}"
EndProject
Project("{FAE04EC0-301F-11D3-BF4B-00C04F79EFBC}") = "Unity.Timeline", "Unity.Timeline.Player.csproj", "{254182FB-012A-542A-9450-51E28418BB42}"
EndProject
Project("{FAE04EC0-301F-11D3-BF4B-00C04F79EFBC}") = "UnityEngine.UI", "UnityEngine.UI.Player.csproj", "{8888F293-308F-7674-7A2D-EBC5A5051726}"
EndProject
Project("{FAE04EC0-301F-11D3-BF4B-00C04F79EFBC}") = "Unity.TextMeshPro", "Unity.TextMeshPro.Player.csproj", "{66EB4CAD-B441-5BC0-9D51-3D033DC878D7}"
EndProject
Project("{FAE04EC0-301F-11D3-BF4B-00C04F79EFBC}") = "Unity.2D.Animation.Runtime", "Unity.2D.Animation.Runtime.Player.csproj", "{6641C9A0-6FCC-29D7-41E8-E55FCC631672}"
EndProject
Project("{FAE04EC0-301F-11D3-BF4B-00C04F79EFBC}") = "Unity.2D.IK.Runtime", "Unity.2D.IK.Runtime.Player.csproj", "{82C4ECA8-05B2-3EC8-B990-751B09F361C7}"
EndProject
Project("{FAE04EC0-301F-11D3-BF4B-00C04F79EFBC}") = "Unity.2D.SpriteShape.Runtime", "Unity.2D.SpriteShape.Runtime.Player.csproj", "{FDF55FA1-D706-3C95-4EC7-6F211585ABD5}"
EndProject
Project("{FAE04EC0-301F-11D3-BF4B-00C04F79EFBC}") = "Assembly-CSharp", "Assembly-CSharp.Player.csproj", "{3CD9B6E7-2E13-8361-E3AE-2D7CA47FD64B}"
EndProject
Project("{FAE04EC0-301F-11D3-BF4B-00C04F79EFBC}") = "Unity.2D.PixelPerfect", "Unity.2D.PixelPerfect.Player.csproj", "{ED0133EE-3133-B406-0EEE-021CB47F2A84}"
EndProject
Project("{FAE04EC0-301F-11D3-BF4B-00C04F79EFBC}") = "Unity.2D.Common.Runtime", "Unity.2D.Common.Runtime.Player.csproj", "{1C3B1D27-4186-3936-9604-055CAEEB20A4}"
EndProject
Project("{FAE04EC0-301F-11D3-BF4B-00C04F79EFBC}") = "Unity.InternalAPIEngineBridge.001", "Unity.InternalAPIEngineBridge.001.Player.csproj", "{ACF71190-2150-DE51-9989-C0E60FA059FD}"
EndProject
Global
	GlobalSection(SolutionConfigurationPlatforms) = preSolution
		Debug|Any CPU = Debug|Any CPU
		Release|Any CPU = Release|Any CPU
	EndGlobalSection
	GlobalSection(ProjectConfigurationPlatforms) = postSolution
		{ED47BEB7-39B9-F38B-663F-37D69B832872}.Debug|Any CPU.ActiveCfg = Debug|Any CPU
		{ED47BEB7-39B9-F38B-663F-37D69B832872}.Debug|Any CPU.Build.0 = Debug|Any CPU
		{ED47BEB7-39B9-F38B-663F-37D69B832872}.Release|Any CPU.ActiveCfg = Release|Any CPU
		{ED47BEB7-39B9-F38B-663F-37D69B832872}.Release|Any CPU.Build.0 = Release|Any CPU
		{C72DACCE-0C3C-935E-B182-F0269AB53D9F}.Debug|Any CPU.ActiveCfg = Debug|Any CPU
		{C72DACCE-0C3C-935E-B182-F0269AB53D9F}.Debug|Any CPU.Build.0 = Debug|Any CPU
		{C72DACCE-0C3C-935E-B182-F0269AB53D9F}.Release|Any CPU.ActiveCfg = Release|Any CPU
		{C72DACCE-0C3C-935E-B182-F0269AB53D9F}.Release|Any CPU.Build.0 = Release|Any CPU
		{29A51260-C685-23E3-A624-28148979A085}.Debug|Any CPU.ActiveCfg = Debug|Any CPU
		{29A51260-C685-23E3-A624-28148979A085}.Debug|Any CPU.Build.0 = Debug|Any CPU
		{29A51260-C685-23E3-A624-28148979A085}.Release|Any CPU.ActiveCfg = Release|Any CPU
		{29A51260-C685-23E3-A624-28148979A085}.Release|Any CPU.Build.0 = Release|Any CPU
		{51F0C2F5-E5A0-FA46-4576-EC0533F1A3E0}.Debug|Any CPU.ActiveCfg = Debug|Any CPU
		{51F0C2F5-E5A0-FA46-4576-EC0533F1A3E0}.Debug|Any CPU.Build.0 = Debug|Any CPU
		{51F0C2F5-E5A0-FA46-4576-EC0533F1A3E0}.Release|Any CPU.ActiveCfg = Release|Any CPU
		{51F0C2F5-E5A0-FA46-4576-EC0533F1A3E0}.Release|Any CPU.Build.0 = Release|Any CPU
		{DEB5341C-FD9E-D2F8-FACD-D43E1D1AA7EA}.Debug|Any CPU.ActiveCfg = Debug|Any CPU
		{DEB5341C-FD9E-D2F8-FACD-D43E1D1AA7EA}.Debug|Any CPU.Build.0 = Debug|Any CPU
		{DEB5341C-FD9E-D2F8-FACD-D43E1D1AA7EA}.Release|Any CPU.ActiveCfg = Release|Any CPU
		{DEB5341C-FD9E-D2F8-FACD-D43E1D1AA7EA}.Release|Any CPU.Build.0 = Release|Any CPU
		{9875FC1E-83F2-D748-8AD2-3E115A0E9AA7}.Debug|Any CPU.ActiveCfg = Debug|Any CPU
		{9875FC1E-83F2-D748-8AD2-3E115A0E9AA7}.Debug|Any CPU.Build.0 = Debug|Any CPU
		{9875FC1E-83F2-D748-8AD2-3E115A0E9AA7}.Release|Any CPU.ActiveCfg = Release|Any CPU
		{9875FC1E-83F2-D748-8AD2-3E115A0E9AA7}.Release|Any CPU.Build.0 = Release|Any CPU
		{6FD5D930-BC65-765D-CBB7-3429F91822C1}.Debug|Any CPU.ActiveCfg = Debug|Any CPU
		{6FD5D930-BC65-765D-CBB7-3429F91822C1}.Debug|Any CPU.Build.0 = Debug|Any CPU
		{6FD5D930-BC65-765D-CBB7-3429F91822C1}.Release|Any CPU.ActiveCfg = Release|Any CPU
		{6FD5D930-BC65-765D-CBB7-3429F91822C1}.Release|Any CPU.Build.0 = Release|Any CPU
		{1FC46A69-D4AE-9B1D-E08F-A04B56394200}.Debug|Any CPU.ActiveCfg = Debug|Any CPU
		{1FC46A69-D4AE-9B1D-E08F-A04B56394200}.Debug|Any CPU.Build.0 = Debug|Any CPU
		{1FC46A69-D4AE-9B1D-E08F-A04B56394200}.Release|Any CPU.ActiveCfg = Release|Any CPU
		{1FC46A69-D4AE-9B1D-E08F-A04B56394200}.Release|Any CPU.Build.0 = Release|Any CPU
		{FC735833-8CD8-3E08-E88A-D4B9395FD3AB}.Debug|Any CPU.ActiveCfg = Debug|Any CPU
		{FC735833-8CD8-3E08-E88A-D4B9395FD3AB}.Debug|Any CPU.Build.0 = Debug|Any CPU
		{FC735833-8CD8-3E08-E88A-D4B9395FD3AB}.Release|Any CPU.ActiveCfg = Release|Any CPU
		{FC735833-8CD8-3E08-E88A-D4B9395FD3AB}.Release|Any CPU.Build.0 = Release|Any CPU
		{DB0C8044-9842-9A41-CC5F-F154C153C1D8}.Debug|Any CPU.ActiveCfg = Debug|Any CPU
		{DB0C8044-9842-9A41-CC5F-F154C153C1D8}.Debug|Any CPU.Build.0 = Debug|Any CPU
		{DB0C8044-9842-9A41-CC5F-F154C153C1D8}.Release|Any CPU.ActiveCfg = Release|Any CPU
		{DB0C8044-9842-9A41-CC5F-F154C153C1D8}.Release|Any CPU.Build.0 = Release|Any CPU
		{23C3B1F2-EEAE-B57A-D130-73C4CD522C25}.Debug|Any CPU.ActiveCfg = Debug|Any CPU
		{23C3B1F2-EEAE-B57A-D130-73C4CD522C25}.Debug|Any CPU.Build.0 = Debug|Any CPU
		{23C3B1F2-EEAE-B57A-D130-73C4CD522C25}.Release|Any CPU.ActiveCfg = Release|Any CPU
		{23C3B1F2-EEAE-B57A-D130-73C4CD522C25}.Release|Any CPU.Build.0 = Release|Any CPU
		{67723E73-F246-8B39-0FD9-96BBA0365BDA}.Debug|Any CPU.ActiveCfg = Debug|Any CPU
		{67723E73-F246-8B39-0FD9-96BBA0365BDA}.Debug|Any CPU.Build.0 = Debug|Any CPU
		{67723E73-F246-8B39-0FD9-96BBA0365BDA}.Release|Any CPU.ActiveCfg = Release|Any CPU
		{67723E73-F246-8B39-0FD9-96BBA0365BDA}.Release|Any CPU.Build.0 = Release|Any CPU
		{4D49CF71-94C0-BB28-368C-F6721AD311CF}.Debug|Any CPU.ActiveCfg = Debug|Any CPU
		{4D49CF71-94C0-BB28-368C-F6721AD311CF}.Debug|Any CPU.Build.0 = Debug|Any CPU
		{4D49CF71-94C0-BB28-368C-F6721AD311CF}.Release|Any CPU.ActiveCfg = Release|Any CPU
		{4D49CF71-94C0-BB28-368C-F6721AD311CF}.Release|Any CPU.Build.0 = Release|Any CPU
		{81179F04-B6DD-A8B2-1C10-CD2C935DCED6}.Debug|Any CPU.ActiveCfg = Debug|Any CPU
		{81179F04-B6DD-A8B2-1C10-CD2C935DCED6}.Debug|Any CPU.Build.0 = Debug|Any CPU
		{81179F04-B6DD-A8B2-1C10-CD2C935DCED6}.Release|Any CPU.ActiveCfg = Release|Any CPU
		{81179F04-B6DD-A8B2-1C10-CD2C935DCED6}.Release|Any CPU.Build.0 = Release|Any CPU
		{E371576B-69C3-D71F-ABA2-46DF9E65A4B3}.Debug|Any CPU.ActiveCfg = Debug|Any CPU
		{E371576B-69C3-D71F-ABA2-46DF9E65A4B3}.Debug|Any CPU.Build.0 = Debug|Any CPU
		{E371576B-69C3-D71F-ABA2-46DF9E65A4B3}.Release|Any CPU.ActiveCfg = Release|Any CPU
		{E371576B-69C3-D71F-ABA2-46DF9E65A4B3}.Release|Any CPU.Build.0 = Release|Any CPU
		{4CC57322-AD4E-E80A-16DE-17D7E6E843F5}.Debug|Any CPU.ActiveCfg = Debug|Any CPU
		{4CC57322-AD4E-E80A-16DE-17D7E6E843F5}.Debug|Any CPU.Build.0 = Debug|Any CPU
		{4CC57322-AD4E-E80A-16DE-17D7E6E843F5}.Release|Any CPU.ActiveCfg = Release|Any CPU
		{4CC57322-AD4E-E80A-16DE-17D7E6E843F5}.Release|Any CPU.Build.0 = Release|Any CPU
		{30C0D692-0648-8217-AC67-1277382C6B5A}.Debug|Any CPU.ActiveCfg = Debug|Any CPU
		{30C0D692-0648-8217-AC67-1277382C6B5A}.Debug|Any CPU.Build.0 = Debug|Any CPU
		{30C0D692-0648-8217-AC67-1277382C6B5A}.Release|Any CPU.ActiveCfg = Release|Any CPU
		{30C0D692-0648-8217-AC67-1277382C6B5A}.Release|Any CPU.Build.0 = Release|Any CPU
		{EE7A6128-1969-1561-0710-80DF79EA3208}.Debug|Any CPU.ActiveCfg = Debug|Any CPU
		{EE7A6128-1969-1561-0710-80DF79EA3208}.Debug|Any CPU.Build.0 = Debug|Any CPU
		{EE7A6128-1969-1561-0710-80DF79EA3208}.Release|Any CPU.ActiveCfg = Release|Any CPU
		{EE7A6128-1969-1561-0710-80DF79EA3208}.Release|Any CPU.Build.0 = Release|Any CPU
		{99A5F9E2-7564-B0EC-42B3-7EFB3A274CED}.Debug|Any CPU.ActiveCfg = Debug|Any CPU
		{99A5F9E2-7564-B0EC-42B3-7EFB3A274CED}.Debug|Any CPU.Build.0 = Debug|Any CPU
		{99A5F9E2-7564-B0EC-42B3-7EFB3A274CED}.Release|Any CPU.ActiveCfg = Release|Any CPU
		{99A5F9E2-7564-B0EC-42B3-7EFB3A274CED}.Release|Any CPU.Build.0 = Release|Any CPU
		{45FA3BAB-8F72-26C8-78C8-5F7EF8ADD7B3}.Debug|Any CPU.ActiveCfg = Debug|Any CPU
		{45FA3BAB-8F72-26C8-78C8-5F7EF8ADD7B3}.Debug|Any CPU.Build.0 = Debug|Any CPU
		{45FA3BAB-8F72-26C8-78C8-5F7EF8ADD7B3}.Release|Any CPU.ActiveCfg = Release|Any CPU
		{45FA3BAB-8F72-26C8-78C8-5F7EF8ADD7B3}.Release|Any CPU.Build.0 = Release|Any CPU
		{51096CB3-7197-00E9-BA07-B283A778B0F3}.Debug|Any CPU.ActiveCfg = Debug|Any CPU
		{51096CB3-7197-00E9-BA07-B283A778B0F3}.Debug|Any CPU.Build.0 = Debug|Any CPU
		{51096CB3-7197-00E9-BA07-B283A778B0F3}.Release|Any CPU.ActiveCfg = Release|Any CPU
		{51096CB3-7197-00E9-BA07-B283A778B0F3}.Release|Any CPU.Build.0 = Release|Any CPU
		{FBF26FBD-B1F3-139B-C399-8753D6817219}.Debug|Any CPU.ActiveCfg = Debug|Any CPU
		{FBF26FBD-B1F3-139B-C399-8753D6817219}.Debug|Any CPU.Build.0 = Debug|Any CPU
		{FBF26FBD-B1F3-139B-C399-8753D6817219}.Release|Any CPU.ActiveCfg = Release|Any CPU
		{FBF26FBD-B1F3-139B-C399-8753D6817219}.Release|Any CPU.Build.0 = Release|Any CPU
		{2A12703D-3224-C3FB-27C5-E0E0963D9BCF}.Debug|Any CPU.ActiveCfg = Debug|Any CPU
		{2A12703D-3224-C3FB-27C5-E0E0963D9BCF}.Debug|Any CPU.Build.0 = Debug|Any CPU
		{2A12703D-3224-C3FB-27C5-E0E0963D9BCF}.Release|Any CPU.ActiveCfg = Release|Any CPU
		{2A12703D-3224-C3FB-27C5-E0E0963D9BCF}.Release|Any CPU.Build.0 = Release|Any CPU
		{7A59CDB6-684A-3676-BE77-F3EC0387EABC}.Debug|Any CPU.ActiveCfg = Debug|Any CPU
		{7A59CDB6-684A-3676-BE77-F3EC0387EABC}.Debug|Any CPU.Build.0 = Debug|Any CPU
		{7A59CDB6-684A-3676-BE77-F3EC0387EABC}.Release|Any CPU.ActiveCfg = Release|Any CPU
		{7A59CDB6-684A-3676-BE77-F3EC0387EABC}.Release|Any CPU.Build.0 = Release|Any CPU
		{48DC4992-417D-ED09-FFEE-630B42EBCF89}.Debug|Any CPU.ActiveCfg = Debug|Any CPU
		{48DC4992-417D-ED09-FFEE-630B42EBCF89}.Debug|Any CPU.Build.0 = Debug|Any CPU
		{48DC4992-417D-ED09-FFEE-630B42EBCF89}.Release|Any CPU.ActiveCfg = Release|Any CPU
		{48DC4992-417D-ED09-FFEE-630B42EBCF89}.Release|Any CPU.Build.0 = Release|Any CPU
		{D6046A9D-A208-8CFF-DA04-76A01AE4E474}.Debug|Any CPU.ActiveCfg = Debug|Any CPU
		{D6046A9D-A208-8CFF-DA04-76A01AE4E474}.Debug|Any CPU.Build.0 = Debug|Any CPU
		{D6046A9D-A208-8CFF-DA04-76A01AE4E474}.Release|Any CPU.ActiveCfg = Release|Any CPU
		{D6046A9D-A208-8CFF-DA04-76A01AE4E474}.Release|Any CPU.Build.0 = Release|Any CPU
		{D2FB10F1-4D61-222B-B9A9-8477AC247B5C}.Debug|Any CPU.ActiveCfg = Debug|Any CPU
		{D2FB10F1-4D61-222B-B9A9-8477AC247B5C}.Debug|Any CPU.Build.0 = Debug|Any CPU
		{D2FB10F1-4D61-222B-B9A9-8477AC247B5C}.Release|Any CPU.ActiveCfg = Release|Any CPU
		{D2FB10F1-4D61-222B-B9A9-8477AC247B5C}.Release|Any CPU.Build.0 = Release|Any CPU
		{CA33B9E9-E224-7A46-3CA8-DFF10B72D938}.Debug|Any CPU.ActiveCfg = Debug|Any CPU
		{CA33B9E9-E224-7A46-3CA8-DFF10B72D938}.Debug|Any CPU.Build.0 = Debug|Any CPU
		{CA33B9E9-E224-7A46-3CA8-DFF10B72D938}.Release|Any CPU.ActiveCfg = Release|Any CPU
		{CA33B9E9-E224-7A46-3CA8-DFF10B72D938}.Release|Any CPU.Build.0 = Release|Any CPU
		{87A1BE71-2685-B7E5-626C-F934F6B3B48E}.Debug|Any CPU.ActiveCfg = Debug|Any CPU
		{87A1BE71-2685-B7E5-626C-F934F6B3B48E}.Debug|Any CPU.Build.0 = Debug|Any CPU
		{87A1BE71-2685-B7E5-626C-F934F6B3B48E}.Release|Any CPU.ActiveCfg = Release|Any CPU
		{87A1BE71-2685-B7E5-626C-F934F6B3B48E}.Release|Any CPU.Build.0 = Release|Any CPU
		{CF429F5B-011A-37B5-4369-1996BB866D17}.Debug|Any CPU.ActiveCfg = Debug|Any CPU
		{CF429F5B-011A-37B5-4369-1996BB866D17}.Debug|Any CPU.Build.0 = Debug|Any CPU
		{CF429F5B-011A-37B5-4369-1996BB866D17}.Release|Any CPU.ActiveCfg = Release|Any CPU
		{CF429F5B-011A-37B5-4369-1996BB866D17}.Release|Any CPU.Build.0 = Release|Any CPU
		{8C6AB2C0-D9AF-8FB8-CE0F-2C24BF32E94D}.Debug|Any CPU.ActiveCfg = Debug|Any CPU
		{8C6AB2C0-D9AF-8FB8-CE0F-2C24BF32E94D}.Debug|Any CPU.Build.0 = Debug|Any CPU
		{8C6AB2C0-D9AF-8FB8-CE0F-2C24BF32E94D}.Release|Any CPU.ActiveCfg = Release|Any CPU
		{8C6AB2C0-D9AF-8FB8-CE0F-2C24BF32E94D}.Release|Any CPU.Build.0 = Release|Any CPU
		{0357997F-D7EC-1035-E55C-622B814BF130}.Debug|Any CPU.ActiveCfg = Debug|Any CPU
		{0357997F-D7EC-1035-E55C-622B814BF130}.Debug|Any CPU.Build.0 = Debug|Any CPU
		{0357997F-D7EC-1035-E55C-622B814BF130}.Release|Any CPU.ActiveCfg = Release|Any CPU
		{0357997F-D7EC-1035-E55C-622B814BF130}.Release|Any CPU.Build.0 = Release|Any CPU
		{7E35ADE2-047D-A43E-A62A-47A33E3272EF}.Debug|Any CPU.ActiveCfg = Debug|Any CPU
		{7E35ADE2-047D-A43E-A62A-47A33E3272EF}.Debug|Any CPU.Build.0 = Debug|Any CPU
		{7E35ADE2-047D-A43E-A62A-47A33E3272EF}.Release|Any CPU.ActiveCfg = Release|Any CPU
		{7E35ADE2-047D-A43E-A62A-47A33E3272EF}.Release|Any CPU.Build.0 = Release|Any CPU
		{D9D381E2-97A3-1AED-3B93-C85866F308F1}.Debug|Any CPU.ActiveCfg = Debug|Any CPU
		{D9D381E2-97A3-1AED-3B93-C85866F308F1}.Debug|Any CPU.Build.0 = Debug|Any CPU
		{D9D381E2-97A3-1AED-3B93-C85866F308F1}.Release|Any CPU.ActiveCfg = Release|Any CPU
		{D9D381E2-97A3-1AED-3B93-C85866F308F1}.Release|Any CPU.Build.0 = Release|Any CPU
		{B73F5692-0C3D-5CDA-E123-9B7C650A66B8}.Debug|Any CPU.ActiveCfg = Debug|Any CPU
		{B73F5692-0C3D-5CDA-E123-9B7C650A66B8}.Debug|Any CPU.Build.0 = Debug|Any CPU
		{B73F5692-0C3D-5CDA-E123-9B7C650A66B8}.Release|Any CPU.ActiveCfg = Release|Any CPU
		{B73F5692-0C3D-5CDA-E123-9B7C650A66B8}.Release|Any CPU.Build.0 = Release|Any CPU
		{DE024D87-9176-2D97-9564-74419F9A75D9}.Debug|Any CPU.ActiveCfg = Debug|Any CPU
		{DE024D87-9176-2D97-9564-74419F9A75D9}.Debug|Any CPU.Build.0 = Debug|Any CPU
		{DE024D87-9176-2D97-9564-74419F9A75D9}.Release|Any CPU.ActiveCfg = Release|Any CPU
		{DE024D87-9176-2D97-9564-74419F9A75D9}.Release|Any CPU.Build.0 = Release|Any CPU
		{C17C3777-8F30-F25A-BD7F-48647E6D84D5}.Debug|Any CPU.ActiveCfg = Debug|Any CPU
		{C17C3777-8F30-F25A-BD7F-48647E6D84D5}.Debug|Any CPU.Build.0 = Debug|Any CPU
		{C17C3777-8F30-F25A-BD7F-48647E6D84D5}.Release|Any CPU.ActiveCfg = Release|Any CPU
		{C17C3777-8F30-F25A-BD7F-48647E6D84D5}.Release|Any CPU.Build.0 = Release|Any CPU
		{6988AA53-2E01-3DA0-CF09-87F0BEC8CB34}.Debug|Any CPU.ActiveCfg = Debug|Any CPU
		{6988AA53-2E01-3DA0-CF09-87F0BEC8CB34}.Debug|Any CPU.Build.0 = Debug|Any CPU
		{6988AA53-2E01-3DA0-CF09-87F0BEC8CB34}.Release|Any CPU.ActiveCfg = Release|Any CPU
		{6988AA53-2E01-3DA0-CF09-87F0BEC8CB34}.Release|Any CPU.Build.0 = Release|Any CPU
		{A9DF0EDD-A90C-B000-4F70-002CB3D48BDF}.Debug|Any CPU.ActiveCfg = Debug|Any CPU
		{A9DF0EDD-A90C-B000-4F70-002CB3D48BDF}.Debug|Any CPU.Build.0 = Debug|Any CPU
		{A9DF0EDD-A90C-B000-4F70-002CB3D48BDF}.Release|Any CPU.ActiveCfg = Release|Any CPU
		{A9DF0EDD-A90C-B000-4F70-002CB3D48BDF}.Release|Any CPU.Build.0 = Release|Any CPU
		{7B481FBD-B9CE-F52E-1C82-19AAD444354E}.Debug|Any CPU.ActiveCfg = Debug|Any CPU
		{7B481FBD-B9CE-F52E-1C82-19AAD444354E}.Debug|Any CPU.Build.0 = Debug|Any CPU
		{7B481FBD-B9CE-F52E-1C82-19AAD444354E}.Release|Any CPU.ActiveCfg = Release|Any CPU
		{7B481FBD-B9CE-F52E-1C82-19AAD444354E}.Release|Any CPU.Build.0 = Release|Any CPU
		{254182FB-012A-542A-9450-51E28418BB42}.Debug|Any CPU.ActiveCfg = Debug|Any CPU
		{254182FB-012A-542A-9450-51E28418BB42}.Debug|Any CPU.Build.0 = Debug|Any CPU
		{254182FB-012A-542A-9450-51E28418BB42}.Release|Any CPU.ActiveCfg = Release|Any CPU
		{254182FB-012A-542A-9450-51E28418BB42}.Release|Any CPU.Build.0 = Release|Any CPU
		{8888F293-308F-7674-7A2D-EBC5A5051726}.Debug|Any CPU.ActiveCfg = Debug|Any CPU
		{8888F293-308F-7674-7A2D-EBC5A5051726}.Debug|Any CPU.Build.0 = Debug|Any CPU
		{8888F293-308F-7674-7A2D-EBC5A5051726}.Release|Any CPU.ActiveCfg = Release|Any CPU
		{8888F293-308F-7674-7A2D-EBC5A5051726}.Release|Any CPU.Build.0 = Release|Any CPU
		{66EB4CAD-B441-5BC0-9D51-3D033DC878D7}.Debug|Any CPU.ActiveCfg = Debug|Any CPU
		{66EB4CAD-B441-5BC0-9D51-3D033DC878D7}.Debug|Any CPU.Build.0 = Debug|Any CPU
		{66EB4CAD-B441-5BC0-9D51-3D033DC878D7}.Release|Any CPU.ActiveCfg = Release|Any CPU
		{66EB4CAD-B441-5BC0-9D51-3D033DC878D7}.Release|Any CPU.Build.0 = Release|Any CPU
		{6641C9A0-6FCC-29D7-41E8-E55FCC631672}.Debug|Any CPU.ActiveCfg = Debug|Any CPU
		{6641C9A0-6FCC-29D7-41E8-E55FCC631672}.Debug|Any CPU.Build.0 = Debug|Any CPU
		{6641C9A0-6FCC-29D7-41E8-E55FCC631672}.Release|Any CPU.ActiveCfg = Release|Any CPU
		{6641C9A0-6FCC-29D7-41E8-E55FCC631672}.Release|Any CPU.Build.0 = Release|Any CPU
		{82C4ECA8-05B2-3EC8-B990-751B09F361C7}.Debug|Any CPU.ActiveCfg = Debug|Any CPU
		{82C4ECA8-05B2-3EC8-B990-751B09F361C7}.Debug|Any CPU.Build.0 = Debug|Any CPU
		{82C4ECA8-05B2-3EC8-B990-751B09F361C7}.Release|Any CPU.ActiveCfg = Release|Any CPU
		{82C4ECA8-05B2-3EC8-B990-751B09F361C7}.Release|Any CPU.Build.0 = Release|Any CPU
		{FDF55FA1-D706-3C95-4EC7-6F211585ABD5}.Debug|Any CPU.ActiveCfg = Debug|Any CPU
		{FDF55FA1-D706-3C95-4EC7-6F211585ABD5}.Debug|Any CPU.Build.0 = Debug|Any CPU
		{FDF55FA1-D706-3C95-4EC7-6F211585ABD5}.Release|Any CPU.ActiveCfg = Release|Any CPU
		{FDF55FA1-D706-3C95-4EC7-6F211585ABD5}.Release|Any CPU.Build.0 = Release|Any CPU
		{3CD9B6E7-2E13-8361-E3AE-2D7CA47FD64B}.Debug|Any CPU.ActiveCfg = Debug|Any CPU
		{3CD9B6E7-2E13-8361-E3AE-2D7CA47FD64B}.Debug|Any CPU.Build.0 = Debug|Any CPU
		{3CD9B6E7-2E13-8361-E3AE-2D7CA47FD64B}.Release|Any CPU.ActiveCfg = Release|Any CPU
		{3CD9B6E7-2E13-8361-E3AE-2D7CA47FD64B}.Release|Any CPU.Build.0 = Release|Any CPU
		{ED0133EE-3133-B406-0EEE-021CB47F2A84}.Debug|Any CPU.ActiveCfg = Debug|Any CPU
		{ED0133EE-3133-B406-0EEE-021CB47F2A84}.Debug|Any CPU.Build.0 = Debug|Any CPU
		{ED0133EE-3133-B406-0EEE-021CB47F2A84}.Release|Any CPU.ActiveCfg = Release|Any CPU
		{ED0133EE-3133-B406-0EEE-021CB47F2A84}.Release|Any CPU.Build.0 = Release|Any CPU
		{1C3B1D27-4186-3936-9604-055CAEEB20A4}.Debug|Any CPU.ActiveCfg = Debug|Any CPU
		{1C3B1D27-4186-3936-9604-055CAEEB20A4}.Debug|Any CPU.Build.0 = Debug|Any CPU
		{1C3B1D27-4186-3936-9604-055CAEEB20A4}.Release|Any CPU.ActiveCfg = Release|Any CPU
		{1C3B1D27-4186-3936-9604-055CAEEB20A4}.Release|Any CPU.Build.0 = Release|Any CPU
		{ACF71190-2150-DE51-9989-C0E60FA059FD}.Debug|Any CPU.ActiveCfg = Debug|Any CPU
		{ACF71190-2150-DE51-9989-C0E60FA059FD}.Debug|Any CPU.Build.0 = Debug|Any CPU
		{ACF71190-2150-DE51-9989-C0E60FA059FD}.Release|Any CPU.ActiveCfg = Release|Any CPU
		{ACF71190-2150-DE51-9989-C0E60FA059FD}.Release|Any CPU.Build.0 = Release|Any CPU
	EndGlobalSection
	GlobalSection(SolutionProperties) = preSolution
		HideSolutionNode = FALSE
	EndGlobalSection
EndGlobal
